// !$*UTF8*$!
{
	archiveVersion = 1;
	classes = {
	};
	objectVersion = 77;
	objects = {

/* Begin PBXBuildFile section */
		9EB870BB2D43165300BE424E /* PosterViewController.swift in Sources */ = {isa = PBXBuildFile; fileRef = 9EB870BA2D43165300BE424E /* PosterViewController.swift */; };
		9EB870BD2D4317B500BE424E /* PosterTableViewCell.swift in Sources */ = {isa = PBXBuildFile; fileRef = 9EB870BC2D4317B500BE424E /* PosterTableViewCell.swift */; };
		9EB870BF2D431BC600BE424E /* PosterCollectionViewCell.swift in Sources */ = {isa = PBXBuildFile; fileRef = 9EB870BE2D431BC600BE424E /* PosterCollectionViewCell.swift */; };
		9ED6915E2D3DD715007E76E8 /* Kingfisher in Frameworks */ = {isa = PBXBuildFile; productRef = 9ED6915D2D3DD715007E76E8 /* Kingfisher */; };
		9ED691612D3DD720007E76E8 /* Alamofire in Frameworks */ = {isa = PBXBuildFile; productRef = 9ED691602D3DD720007E76E8 /* Alamofire */; };
		9ED691642D3DD728007E76E8 /* SnapKit in Frameworks */ = {isa = PBXBuildFile; productRef = 9ED691632D3DD728007E76E8 /* SnapKit */; };
		9ED691672D3DD730007E76E8 /* Then in Frameworks */ = {isa = PBXBuildFile; productRef = 9ED691662D3DD730007E76E8 /* Then */; };
		9ED691952D3F3566007E76E8 /* AppDelegate.swift in Sources */ = {isa = PBXBuildFile; fileRef = 9ED691862D3F3566007E76E8 /* AppDelegate.swift */; };
		9ED691962D3F3566007E76E8 /* GroupViewController.swift in Sources */ = {isa = PBXBuildFile; fileRef = 9ED691882D3F3566007E76E8 /* GroupViewController.swift */; };
		9ED691972D3F3566007E76E8 /* Key.swift in Sources */ = {isa = PBXBuildFile; fileRef = 9ED6918A2D3F3566007E76E8 /* Key.swift */; };
		9ED691982D3F3566007E76E8 /* NetworkManager.swift in Sources */ = {isa = PBXBuildFile; fileRef = 9ED6918F2D3F3566007E76E8 /* NetworkManager.swift */; };
		9ED691992D3F3566007E76E8 /* PhotoManager.swift in Sources */ = {isa = PBXBuildFile; fileRef = 9ED691902D3F3566007E76E8 /* PhotoManager.swift */; };
		9ED6919A2D3F3566007E76E8 /* RandomPhoto.swift in Sources */ = {isa = PBXBuildFile; fileRef = 9ED691912D3F3566007E76E8 /* RandomPhoto.swift */; };
		9ED6919B2D3F3566007E76E8 /* SceneDelegate.swift in Sources */ = {isa = PBXBuildFile; fileRef = 9ED691922D3F3566007E76E8 /* SceneDelegate.swift */; };
		9ED6919C2D3F3566007E76E8 /* ViewController.swift in Sources */ = {isa = PBXBuildFile; fileRef = 9ED691932D3F3566007E76E8 /* ViewController.swift */; };
		9ED6919D2D3F3566007E76E8 /* Assets.xcassets in Resources */ = {isa = PBXBuildFile; fileRef = 9ED691872D3F3566007E76E8 /* Assets.xcassets */; };
		9ED6919F2D3F3566007E76E8 /* LaunchScreen.storyboard in Resources */ = {isa = PBXBuildFile; fileRef = 9ED6918C2D3F3566007E76E8 /* LaunchScreen.storyboard */; };
		9ED691A02D3F3566007E76E8 /* Main.storyboard in Resources */ = {isa = PBXBuildFile; fileRef = 9ED6918E2D3F3566007E76E8 /* Main.storyboard */; };
		9ED691A42D3F3581007E76E8 /* Topic.swift in Sources */ = {isa = PBXBuildFile; fileRef = 9ED691A32D3F3581007E76E8 /* Topic.swift */; };
		9ED691A92D4077AF007E76E8 /* UIViewController+Extension.swift in Sources */ = {isa = PBXBuildFile; fileRef = 9ED691A82D4077AF007E76E8 /* UIViewController+Extension.swift */; };
		9ED691AB2D407DF1007E76E8 /* Dummy.swift in Sources */ = {isa = PBXBuildFile; fileRef = 9ED691AA2D407DF1007E76E8 /* Dummy.swift */; };
		9ED691AD2D4098CB007E76E8 /* SearchViewController.swift in Sources */ = {isa = PBXBuildFile; fileRef = 9ED691AC2D4098CB007E76E8 /* SearchViewController.swift */; };
		9EEB88912D41CBEC00E0C6C4 /* SignTextField.swift in Sources */ = {isa = PBXBuildFile; fileRef = 9EEB888F2D41CBEC00E0C6C4 /* SignTextField.swift */; };
		9EEB88922D41CBEC00E0C6C4 /* NicknameViewController.swift in Sources */ = {isa = PBXBuildFile; fileRef = 9EEB888C2D41CBEC00E0C6C4 /* NicknameViewController.swift */; };
		9EEB88932D41CBEC00E0C6C4 /* EmailViewController.swift in Sources */ = {isa = PBXBuildFile; fileRef = 9EEB888A2D41CBEC00E0C6C4 /* EmailViewController.swift */; };
		9EEB88942D41CBEC00E0C6C4 /* MainViewController.swift in Sources */ = {isa = PBXBuildFile; fileRef = 9EEB888B2D41CBEC00E0C6C4 /* MainViewController.swift */; };
		9EEB88952D41CBEC00E0C6C4 /* PhoneViewController.swift in Sources */ = {isa = PBXBuildFile; fileRef = 9EEB888D2D41CBEC00E0C6C4 /* PhoneViewController.swift */; };
		9EEB88962D41CBEC00E0C6C4 /* PointButton.swift in Sources */ = {isa = PBXBuildFile; fileRef = 9EEB888E2D41CBEC00E0C6C4 /* PointButton.swift */; };
		9EEB88982D41DBB900E0C6C4 /* NotificationViewController.swift in Sources */ = {isa = PBXBuildFile; fileRef = 9EEB88972D41DBB900E0C6C4 /* NotificationViewController.swift */; };
		9EEB889A2D4205C200E0C6C4 /* ClosureViewController.swift in Sources */ = {isa = PBXBuildFile; fileRef = 9EEB88992D4205C200E0C6C4 /* ClosureViewController.swift */; };
		9EEB889C2D42106600E0C6C4 /* DelegateViewController.swift in Sources */ = {isa = PBXBuildFile; fileRef = 9EEB889B2D42106600E0C6C4 /* DelegateViewController.swift */; };
/* End PBXBuildFile section */

/* Begin PBXFileReference section */
		9EB870BA2D43165300BE424E /* PosterViewController.swift */ = {isa = PBXFileReference; lastKnownFileType = sourcecode.swift; path = PosterViewController.swift; sourceTree = "<group>"; };
		9EB870BC2D4317B500BE424E /* PosterTableViewCell.swift */ = {isa = PBXFileReference; lastKnownFileType = sourcecode.swift; path = PosterTableViewCell.swift; sourceTree = "<group>"; };
		9EB870BE2D431BC600BE424E /* PosterCollectionViewCell.swift */ = {isa = PBXFileReference; lastKnownFileType = sourcecode.swift; path = PosterCollectionViewCell.swift; sourceTree = "<group>"; };
		9ED691442D3DD50C007E76E8 /* fifthWeek_SeSAC.app */ = {isa = PBXFileReference; explicitFileType = wrapper.application; includeInIndex = 0; path = fifthWeek_SeSAC.app; sourceTree = BUILT_PRODUCTS_DIR; };
		9ED691862D3F3566007E76E8 /* AppDelegate.swift */ = {isa = PBXFileReference; lastKnownFileType = sourcecode.swift; path = AppDelegate.swift; sourceTree = "<group>"; };
		9ED691872D3F3566007E76E8 /* Assets.xcassets */ = {isa = PBXFileReference; lastKnownFileType = folder.assetcatalog; path = Assets.xcassets; sourceTree = "<group>"; };
		9ED691882D3F3566007E76E8 /* GroupViewController.swift */ = {isa = PBXFileReference; lastKnownFileType = sourcecode.swift; path = GroupViewController.swift; sourceTree = "<group>"; };
		9ED691892D3F3566007E76E8 /* Info.plist */ = {isa = PBXFileReference; lastKnownFileType = text.plist.xml; path = Info.plist; sourceTree = "<group>"; };
		9ED6918A2D3F3566007E76E8 /* Key.swift */ = {isa = PBXFileReference; lastKnownFileType = sourcecode.swift; path = Key.swift; sourceTree = "<group>"; };
		9ED6918B2D3F3566007E76E8 /* Base */ = {isa = PBXFileReference; lastKnownFileType = file.storyboard; name = Base; path = Base.lproj/LaunchScreen.storyboard; sourceTree = "<group>"; };
		9ED6918D2D3F3566007E76E8 /* Base */ = {isa = PBXFileReference; lastKnownFileType = file.storyboard; name = Base; path = Base.lproj/Main.storyboard; sourceTree = "<group>"; };
		9ED6918F2D3F3566007E76E8 /* NetworkManager.swift */ = {isa = PBXFileReference; lastKnownFileType = sourcecode.swift; path = NetworkManager.swift; sourceTree = "<group>"; };
		9ED691902D3F3566007E76E8 /* PhotoManager.swift */ = {isa = PBXFileReference; lastKnownFileType = sourcecode.swift; path = PhotoManager.swift; sourceTree = "<group>"; };
		9ED691912D3F3566007E76E8 /* RandomPhoto.swift */ = {isa = PBXFileReference; lastKnownFileType = sourcecode.swift; path = RandomPhoto.swift; sourceTree = "<group>"; };
		9ED691922D3F3566007E76E8 /* SceneDelegate.swift */ = {isa = PBXFileReference; lastKnownFileType = sourcecode.swift; path = SceneDelegate.swift; sourceTree = "<group>"; };
		9ED691932D3F3566007E76E8 /* ViewController.swift */ = {isa = PBXFileReference; lastKnownFileType = sourcecode.swift; path = ViewController.swift; sourceTree = "<group>"; };
		9ED691A32D3F3581007E76E8 /* Topic.swift */ = {isa = PBXFileReference; lastKnownFileType = sourcecode.swift; path = Topic.swift; sourceTree = "<group>"; };
		9ED691A82D4077AF007E76E8 /* UIViewController+Extension.swift */ = {isa = PBXFileReference; lastKnownFileType = sourcecode.swift; path = "UIViewController+Extension.swift"; sourceTree = "<group>"; };
		9ED691AA2D407DF1007E76E8 /* Dummy.swift */ = {isa = PBXFileReference; lastKnownFileType = sourcecode.swift; path = Dummy.swift; sourceTree = "<group>"; };
		9ED691AC2D4098CB007E76E8 /* SearchViewController.swift */ = {isa = PBXFileReference; lastKnownFileType = sourcecode.swift; path = SearchViewController.swift; sourceTree = "<group>"; };
		9EEB888A2D41CBEC00E0C6C4 /* EmailViewController.swift */ = {isa = PBXFileReference; lastKnownFileType = sourcecode.swift; path = EmailViewController.swift; sourceTree = "<group>"; };
		9EEB888B2D41CBEC00E0C6C4 /* MainViewController.swift */ = {isa = PBXFileReference; lastKnownFileType = sourcecode.swift; path = MainViewController.swift; sourceTree = "<group>"; };
		9EEB888C2D41CBEC00E0C6C4 /* NicknameViewController.swift */ = {isa = PBXFileReference; lastKnownFileType = sourcecode.swift; path = NicknameViewController.swift; sourceTree = "<group>"; };
		9EEB888D2D41CBEC00E0C6C4 /* PhoneViewController.swift */ = {isa = PBXFileReference; lastKnownFileType = sourcecode.swift; path = PhoneViewController.swift; sourceTree = "<group>"; };
		9EEB888E2D41CBEC00E0C6C4 /* PointButton.swift */ = {isa = PBXFileReference; lastKnownFileType = sourcecode.swift; path = PointButton.swift; sourceTree = "<group>"; };
		9EEB888F2D41CBEC00E0C6C4 /* SignTextField.swift */ = {isa = PBXFileReference; lastKnownFileType = sourcecode.swift; path = SignTextField.swift; sourceTree = "<group>"; };
		9EEB88972D41DBB900E0C6C4 /* NotificationViewController.swift */ = {isa = PBXFileReference; lastKnownFileType = sourcecode.swift; path = NotificationViewController.swift; sourceTree = "<group>"; };
		9EEB88992D4205C200E0C6C4 /* ClosureViewController.swift */ = {isa = PBXFileReference; lastKnownFileType = sourcecode.swift; path = ClosureViewController.swift; sourceTree = "<group>"; };
		9EEB889B2D42106600E0C6C4 /* DelegateViewController.swift */ = {isa = PBXFileReference; lastKnownFileType = sourcecode.swift; path = DelegateViewController.swift; sourceTree = "<group>"; };
/* End PBXFileReference section */

/* Begin PBXFrameworksBuildPhase section */
		9ED691412D3DD50C007E76E8 /* Frameworks */ = {
			isa = PBXFrameworksBuildPhase;
			buildActionMask = 2147483647;
			files = (
				9ED691642D3DD728007E76E8 /* SnapKit in Frameworks */,
				9ED6915E2D3DD715007E76E8 /* Kingfisher in Frameworks */,
				9ED691612D3DD720007E76E8 /* Alamofire in Frameworks */,
				9ED691672D3DD730007E76E8 /* Then in Frameworks */,
			);
			runOnlyForDeploymentPostprocessing = 0;
		};
/* End PBXFrameworksBuildPhase section */

/* Begin PBXGroup section */
		9EB870B92D43164400BE424E /* Poster */ = {
			isa = PBXGroup;
			children = (
				9EB870BA2D43165300BE424E /* PosterViewController.swift */,
				9EB870BC2D4317B500BE424E /* PosterTableViewCell.swift */,
				9EB870BE2D431BC600BE424E /* PosterCollectionViewCell.swift */,
			);
			path = Poster;
			sourceTree = "<group>";
		};
		9ED6913B2D3DD50C007E76E8 = {
			isa = PBXGroup;
			children = (
				9ED691942D3F3566007E76E8 /* fifthWeek_SeSAC */,
				9ED691452D3DD50C007E76E8 /* Products */,
			);
			sourceTree = "<group>";
		};
		9ED691452D3DD50C007E76E8 /* Products */ = {
			isa = PBXGroup;
			children = (
				9ED691442D3DD50C007E76E8 /* fifthWeek_SeSAC.app */,
			);
			name = Products;
			sourceTree = "<group>";
		};
		9ED691942D3F3566007E76E8 /* fifthWeek_SeSAC */ = {
			isa = PBXGroup;
			children = (
				9EB870B92D43164400BE424E /* Poster */,
				9ED691A52D3F35AD007E76E8 /* Application */,
				9ED691A12D3F3569007E76E8 /* Network */,
				9EEB88902D41CBEC00E0C6C4 /* Sign */,
				9ED691872D3F3566007E76E8 /* Assets.xcassets */,
				9ED691882D3F3566007E76E8 /* GroupViewController.swift */,
				9ED691932D3F3566007E76E8 /* ViewController.swift */,
				9ED691A82D4077AF007E76E8 /* UIViewController+Extension.swift */,
				9ED691AC2D4098CB007E76E8 /* SearchViewController.swift */,
				9ED691AA2D407DF1007E76E8 /* Dummy.swift */,
			);
			path = fifthWeek_SeSAC;
			sourceTree = "<group>";
		};
		9ED691A12D3F3569007E76E8 /* Network */ = {
			isa = PBXGroup;
			children = (
				9ED6918A2D3F3566007E76E8 /* Key.swift */,
				9ED6918F2D3F3566007E76E8 /* NetworkManager.swift */,
				9ED691902D3F3566007E76E8 /* PhotoManager.swift */,
				9ED691A22D3F356F007E76E8 /* ResponseModel */,
			);
			path = Network;
			sourceTree = "<group>";
		};
		9ED691A22D3F356F007E76E8 /* ResponseModel */ = {
			isa = PBXGroup;
			children = (
				9ED691912D3F3566007E76E8 /* RandomPhoto.swift */,
				9ED691A32D3F3581007E76E8 /* Topic.swift */,
			);
			path = ResponseModel;
			sourceTree = "<group>";
		};
		9ED691A52D3F35AD007E76E8 /* Application */ = {
			isa = PBXGroup;
			children = (
				9ED691862D3F3566007E76E8 /* AppDelegate.swift */,
				9ED691922D3F3566007E76E8 /* SceneDelegate.swift */,
				9ED6918C2D3F3566007E76E8 /* LaunchScreen.storyboard */,
				9ED6918E2D3F3566007E76E8 /* Main.storyboard */,
				9ED691892D3F3566007E76E8 /* Info.plist */,
			);
			path = Application;
			sourceTree = "<group>";
		};
		9EEB88902D41CBEC00E0C6C4 /* Sign */ = {
			isa = PBXGroup;
			children = (
				9EEB888A2D41CBEC00E0C6C4 /* EmailViewController.swift */,
				9EEB888B2D41CBEC00E0C6C4 /* MainViewController.swift */,
				9EEB888C2D41CBEC00E0C6C4 /* NicknameViewController.swift */,
				9EEB888D2D41CBEC00E0C6C4 /* PhoneViewController.swift */,
				9EEB888E2D41CBEC00E0C6C4 /* PointButton.swift */,
				9EEB888F2D41CBEC00E0C6C4 /* SignTextField.swift */,
				9EEB88972D41DBB900E0C6C4 /* NotificationViewController.swift */,
				9EEB88992D4205C200E0C6C4 /* ClosureViewController.swift */,
				9EEB889B2D42106600E0C6C4 /* DelegateViewController.swift */,
			);
			path = Sign;
			sourceTree = "<group>";
		};
/* End PBXGroup section */

/* Begin PBXNativeTarget section */
		9ED691432D3DD50C007E76E8 /* fifthWeek_SeSAC */ = {
			isa = PBXNativeTarget;
			buildConfigurationList = 9ED691572D3DD50F007E76E8 /* Build configuration list for PBXNativeTarget "fifthWeek_SeSAC" */;
			buildPhases = (
				9ED691402D3DD50C007E76E8 /* Sources */,
				9ED691412D3DD50C007E76E8 /* Frameworks */,
				9ED691422D3DD50C007E76E8 /* Resources */,
			);
			buildRules = (
			);
			dependencies = (
			);
			name = fifthWeek_SeSAC;
			packageProductDependencies = (
				9ED6915D2D3DD715007E76E8 /* Kingfisher */,
				9ED691602D3DD720007E76E8 /* Alamofire */,
				9ED691632D3DD728007E76E8 /* SnapKit */,
				9ED691662D3DD730007E76E8 /* Then */,
			);
			productName = fifthWeek_SeSAC;
			productReference = 9ED691442D3DD50C007E76E8 /* fifthWeek_SeSAC.app */;
			productType = "com.apple.product-type.application";
		};
/* End PBXNativeTarget section */

/* Begin PBXProject section */
		9ED6913C2D3DD50C007E76E8 /* Project object */ = {
			isa = PBXProject;
			attributes = {
				BuildIndependentTargetsInParallel = 1;
				LastSwiftUpdateCheck = 1610;
				LastUpgradeCheck = 1610;
				TargetAttributes = {
					9ED691432D3DD50C007E76E8 = {
						CreatedOnToolsVersion = 16.1;
					};
				};
			};
			buildConfigurationList = 9ED6913F2D3DD50C007E76E8 /* Build configuration list for PBXProject "fifthWeek_SeSAC" */;
			developmentRegion = en;
			hasScannedForEncodings = 0;
			knownRegions = (
				en,
				Base,
			);
			mainGroup = 9ED6913B2D3DD50C007E76E8;
			minimizedProjectReferenceProxies = 1;
			packageReferences = (
				9ED6915C2D3DD715007E76E8 /* XCRemoteSwiftPackageReference "Kingfisher" */,
				9ED6915F2D3DD720007E76E8 /* XCRemoteSwiftPackageReference "Alamofire" */,
				9ED691622D3DD728007E76E8 /* XCRemoteSwiftPackageReference "SnapKit" */,
				9ED691652D3DD730007E76E8 /* XCRemoteSwiftPackageReference "Then" */,
			);
			preferredProjectObjectVersion = 77;
			productRefGroup = 9ED691452D3DD50C007E76E8 /* Products */;
			projectDirPath = "";
			projectRoot = "";
			targets = (
				9ED691432D3DD50C007E76E8 /* fifthWeek_SeSAC */,
			);
		};
/* End PBXProject section */

/* Begin PBXResourcesBuildPhase section */
		9ED691422D3DD50C007E76E8 /* Resources */ = {
			isa = PBXResourcesBuildPhase;
			buildActionMask = 2147483647;
			files = (
				9ED6919D2D3F3566007E76E8 /* Assets.xcassets in Resources */,
				9ED6919F2D3F3566007E76E8 /* LaunchScreen.storyboard in Resources */,
				9ED691A02D3F3566007E76E8 /* Main.storyboard in Resources */,
			);
			runOnlyForDeploymentPostprocessing = 0;
		};
/* End PBXResourcesBuildPhase section */

/* Begin PBXSourcesBuildPhase section */
		9ED691402D3DD50C007E76E8 /* Sources */ = {
			isa = PBXSourcesBuildPhase;
			buildActionMask = 2147483647;
			files = (
				9ED691952D3F3566007E76E8 /* AppDelegate.swift in Sources */,
				9EEB88912D41CBEC00E0C6C4 /* SignTextField.swift in Sources */,
				9EEB889A2D4205C200E0C6C4 /* ClosureViewController.swift in Sources */,
				9EEB88922D41CBEC00E0C6C4 /* NicknameViewController.swift in Sources */,
				9EEB88932D41CBEC00E0C6C4 /* EmailViewController.swift in Sources */,
				9EEB88942D41CBEC00E0C6C4 /* MainViewController.swift in Sources */,
				9EEB88952D41CBEC00E0C6C4 /* PhoneViewController.swift in Sources */,
				9EEB88962D41CBEC00E0C6C4 /* PointButton.swift in Sources */,
				9ED691A42D3F3581007E76E8 /* Topic.swift in Sources */,
				9ED691AB2D407DF1007E76E8 /* Dummy.swift in Sources */,
				9ED691962D3F3566007E76E8 /* GroupViewController.swift in Sources */,
				9ED691972D3F3566007E76E8 /* Key.swift in Sources */,
				9ED691982D3F3566007E76E8 /* NetworkManager.swift in Sources */,
				9EEB88982D41DBB900E0C6C4 /* NotificationViewController.swift in Sources */,
				9ED691AD2D4098CB007E76E8 /* SearchViewController.swift in Sources */,
				9EB870BB2D43165300BE424E /* PosterViewController.swift in Sources */,
				9EB870BD2D4317B500BE424E /* PosterTableViewCell.swift in Sources */,
				9ED691992D3F3566007E76E8 /* PhotoManager.swift in Sources */,
				9ED6919A2D3F3566007E76E8 /* RandomPhoto.swift in Sources */,
				9EEB889C2D42106600E0C6C4 /* DelegateViewController.swift in Sources */,
				9ED6919B2D3F3566007E76E8 /* SceneDelegate.swift in Sources */,
				9EB870BF2D431BC600BE424E /* PosterCollectionViewCell.swift in Sources */,
				9ED691A92D4077AF007E76E8 /* UIViewController+Extension.swift in Sources */,
				9ED6919C2D3F3566007E76E8 /* ViewController.swift in Sources */,
			);
			runOnlyForDeploymentPostprocessing = 0;
		};
/* End PBXSourcesBuildPhase section */

/* Begin PBXVariantGroup section */
		9ED6918C2D3F3566007E76E8 /* LaunchScreen.storyboard */ = {
			isa = PBXVariantGroup;
			children = (
				9ED6918B2D3F3566007E76E8 /* Base */,
			);
			name = LaunchScreen.storyboard;
			sourceTree = "<group>";
		};
		9ED6918E2D3F3566007E76E8 /* Main.storyboard */ = {
			isa = PBXVariantGroup;
			children = (
				9ED6918D2D3F3566007E76E8 /* Base */,
			);
			name = Main.storyboard;
			sourceTree = "<group>";
		};
/* End PBXVariantGroup section */

/* Begin XCBuildConfiguration section */
		9ED691582D3DD50F007E76E8 /* Debug */ = {
			isa = XCBuildConfiguration;
			buildSettings = {
				ASSETCATALOG_COMPILER_APPICON_NAME = AppIcon;
				ASSETCATALOG_COMPILER_GLOBAL_ACCENT_COLOR_NAME = AccentColor;
				CODE_SIGN_STYLE = Automatic;
				CURRENT_PROJECT_VERSION = 1;
				DEVELOPMENT_TEAM = A95XXD5WT7;
				GENERATE_INFOPLIST_FILE = YES;
				INFOPLIST_FILE = fifthWeek_SeSAC/Application/Info.plist;
				INFOPLIST_KEY_UIApplicationSupportsIndirectInputEvents = YES;
				INFOPLIST_KEY_UILaunchStoryboardName = LaunchScreen;
				INFOPLIST_KEY_UIMainStoryboardFile = Main;
				INFOPLIST_KEY_UISupportedInterfaceOrientations_iPad = "UIInterfaceOrientationPortrait UIInterfaceOrientationPortraitUpsideDown UIInterfaceOrientationLandscapeLeft UIInterfaceOrientationLandscapeRight";
				INFOPLIST_KEY_UISupportedInterfaceOrientations_iPhone = "UIInterfaceOrientationPortrait UIInterfaceOrientationLandscapeLeft UIInterfaceOrientationLandscapeRight";
				LD_RUNPATH_SEARCH_PATHS = (
					"$(inherited)",
					"@executable_path/Frameworks",
				);
				MARKETING_VERSION = 1.0;
				PRODUCT_BUNDLE_IDENTIFIER = "com.psy.fifthWeek-SeSAC";
				PRODUCT_NAME = "$(TARGET_NAME)";
				SUPPORTED_PLATFORMS = "iphoneos iphonesimulator";
				SUPPORTS_MACCATALYST = NO;
				SUPPORTS_MAC_DESIGNED_FOR_IPHONE_IPAD = NO;
				SUPPORTS_XR_DESIGNED_FOR_IPHONE_IPAD = NO;
				SWIFT_EMIT_LOC_STRINGS = YES;
				SWIFT_VERSION = 5.0;
				TARGETED_DEVICE_FAMILY = 1;
			};
			name = Debug;
		};
		9ED691592D3DD50F007E76E8 /* Release */ = {
			isa = XCBuildConfiguration;
			buildSettings = {
				ASSETCATALOG_COMPILER_APPICON_NAME = AppIcon;
				ASSETCATALOG_COMPILER_GLOBAL_ACCENT_COLOR_NAME = AccentColor;
				CODE_SIGN_STYLE = Automatic;
				CURRENT_PROJECT_VERSION = 1;
				DEVELOPMENT_TEAM = A95XXD5WT7;
				GENERATE_INFOPLIST_FILE = YES;
				INFOPLIST_FILE = fifthWeek_SeSAC/Application/Info.plist;
				INFOPLIST_KEY_UIApplicationSupportsIndirectInputEvents = YES;
				INFOPLIST_KEY_UILaunchStoryboardName = LaunchScreen;
				INFOPLIST_KEY_UIMainStoryboardFile = Main;
				INFOPLIST_KEY_UISupportedInterfaceOrientations_iPad = "UIInterfaceOrientationPortrait UIInterfaceOrientationPortraitUpsideDown UIInterfaceOrientationLandscapeLeft UIInterfaceOrientationLandscapeRight";
				INFOPLIST_KEY_UISupportedInterfaceOrientations_iPhone = "UIInterfaceOrientationPortrait UIInterfaceOrientationLandscapeLeft UIInterfaceOrientationLandscapeRight";
				LD_RUNPATH_SEARCH_PATHS = (
					"$(inherited)",
					"@executable_path/Frameworks",
				);
				MARKETING_VERSION = 1.0;
				PRODUCT_BUNDLE_IDENTIFIER = "com.psy.fifthWeek-SeSAC";
				PRODUCT_NAME = "$(TARGET_NAME)";
				SUPPORTED_PLATFORMS = "iphoneos iphonesimulator";
				SUPPORTS_MACCATALYST = NO;
				SUPPORTS_MAC_DESIGNED_FOR_IPHONE_IPAD = NO;
				SUPPORTS_XR_DESIGNED_FOR_IPHONE_IPAD = NO;
				SWIFT_EMIT_LOC_STRINGS = YES;
				SWIFT_VERSION = 5.0;
				TARGETED_DEVICE_FAMILY = 1;
			};
			name = Release;
		};
		9ED6915A2D3DD50F007E76E8 /* Debug */ = {
			isa = XCBuildConfiguration;
			buildSettings = {
				ALWAYS_SEARCH_USER_PATHS = NO;
				ASSETCATALOG_COMPILER_GENERATE_SWIFT_ASSET_SYMBOL_EXTENSIONS = YES;
				CLANG_ANALYZER_NONNULL = YES;
				CLANG_ANALYZER_NUMBER_OBJECT_CONVERSION = YES_AGGRESSIVE;
				CLANG_CXX_LANGUAGE_STANDARD = "gnu++20";
				CLANG_ENABLE_MODULES = YES;
				CLANG_ENABLE_OBJC_ARC = YES;
				CLANG_ENABLE_OBJC_WEAK = YES;
				CLANG_WARN_BLOCK_CAPTURE_AUTORELEASING = YES;
				CLANG_WARN_BOOL_CONVERSION = YES;
				CLANG_WARN_COMMA = YES;
				CLANG_WARN_CONSTANT_CONVERSION = YES;
				CLANG_WARN_DEPRECATED_OBJC_IMPLEMENTATIONS = YES;
				CLANG_WARN_DIRECT_OBJC_ISA_USAGE = YES_ERROR;
				CLANG_WARN_DOCUMENTATION_COMMENTS = YES;
				CLANG_WARN_EMPTY_BODY = YES;
				CLANG_WARN_ENUM_CONVERSION = YES;
				CLANG_WARN_INFINITE_RECURSION = YES;
				CLANG_WARN_INT_CONVERSION = YES;
				CLANG_WARN_NON_LITERAL_NULL_CONVERSION = YES;
				CLANG_WARN_OBJC_IMPLICIT_RETAIN_SELF = YES;
				CLANG_WARN_OBJC_LITERAL_CONVERSION = YES;
				CLANG_WARN_OBJC_ROOT_CLASS = YES_ERROR;
				CLANG_WARN_QUOTED_INCLUDE_IN_FRAMEWORK_HEADER = YES;
				CLANG_WARN_RANGE_LOOP_ANALYSIS = YES;
				CLANG_WARN_STRICT_PROTOTYPES = YES;
				CLANG_WARN_SUSPICIOUS_MOVE = YES;
				CLANG_WARN_UNGUARDED_AVAILABILITY = YES_AGGRESSIVE;
				CLANG_WARN_UNREACHABLE_CODE = YES;
				CLANG_WARN__DUPLICATE_METHOD_MATCH = YES;
				COPY_PHASE_STRIP = NO;
				DEBUG_INFORMATION_FORMAT = dwarf;
				ENABLE_STRICT_OBJC_MSGSEND = YES;
				ENABLE_TESTABILITY = YES;
				ENABLE_USER_SCRIPT_SANDBOXING = YES;
				GCC_C_LANGUAGE_STANDARD = gnu17;
				GCC_DYNAMIC_NO_PIC = NO;
				GCC_NO_COMMON_BLOCKS = YES;
				GCC_OPTIMIZATION_LEVEL = 0;
				GCC_PREPROCESSOR_DEFINITIONS = (
					"DEBUG=1",
					"$(inherited)",
				);
				GCC_WARN_64_TO_32_BIT_CONVERSION = YES;
				GCC_WARN_ABOUT_RETURN_TYPE = YES_ERROR;
				GCC_WARN_UNDECLARED_SELECTOR = YES;
				GCC_WARN_UNINITIALIZED_AUTOS = YES_AGGRESSIVE;
				GCC_WARN_UNUSED_FUNCTION = YES;
				GCC_WARN_UNUSED_VARIABLE = YES;
				IPHONEOS_DEPLOYMENT_TARGET = 18.1;
				LOCALIZATION_PREFERS_STRING_CATALOGS = YES;
				MTL_ENABLE_DEBUG_INFO = INCLUDE_SOURCE;
				MTL_FAST_MATH = YES;
				ONLY_ACTIVE_ARCH = YES;
				SDKROOT = iphoneos;
				SWIFT_ACTIVE_COMPILATION_CONDITIONS = "DEBUG $(inherited)";
				SWIFT_OPTIMIZATION_LEVEL = "-Onone";
			};
			name = Debug;
		};
		9ED6915B2D3DD50F007E76E8 /* Release */ = {
			isa = XCBuildConfiguration;
			buildSettings = {
				ALWAYS_SEARCH_USER_PATHS = NO;
				ASSETCATALOG_COMPILER_GENERATE_SWIFT_ASSET_SYMBOL_EXTENSIONS = YES;
				CLANG_ANALYZER_NONNULL = YES;
				CLANG_ANALYZER_NUMBER_OBJECT_CONVERSION = YES_AGGRESSIVE;
				CLANG_CXX_LANGUAGE_STANDARD = "gnu++20";
				CLANG_ENABLE_MODULES = YES;
				CLANG_ENABLE_OBJC_ARC = YES;
				CLANG_ENABLE_OBJC_WEAK = YES;
				CLANG_WARN_BLOCK_CAPTURE_AUTORELEASING = YES;
				CLANG_WARN_BOOL_CONVERSION = YES;
				CLANG_WARN_COMMA = YES;
				CLANG_WARN_CONSTANT_CONVERSION = YES;
				CLANG_WARN_DEPRECATED_OBJC_IMPLEMENTATIONS = YES;
				CLANG_WARN_DIRECT_OBJC_ISA_USAGE = YES_ERROR;
				CLANG_WARN_DOCUMENTATION_COMMENTS = YES;
				CLANG_WARN_EMPTY_BODY = YES;
				CLANG_WARN_ENUM_CONVERSION = YES;
				CLANG_WARN_INFINITE_RECURSION = YES;
				CLANG_WARN_INT_CONVERSION = YES;
				CLANG_WARN_NON_LITERAL_NULL_CONVERSION = YES;
				CLANG_WARN_OBJC_IMPLICIT_RETAIN_SELF = YES;
				CLANG_WARN_OBJC_LITERAL_CONVERSION = YES;
				CLANG_WARN_OBJC_ROOT_CLASS = YES_ERROR;
				CLANG_WARN_QUOTED_INCLUDE_IN_FRAMEWORK_HEADER = YES;
				CLANG_WARN_RANGE_LOOP_ANALYSIS = YES;
				CLANG_WARN_STRICT_PROTOTYPES = YES;
				CLANG_WARN_SUSPICIOUS_MOVE = YES;
				CLANG_WARN_UNGUARDED_AVAILABILITY = YES_AGGRESSIVE;
				CLANG_WARN_UNREACHABLE_CODE = YES;
				CLANG_WARN__DUPLICATE_METHOD_MATCH = YES;
				COPY_PHASE_STRIP = NO;
				DEBUG_INFORMATION_FORMAT = "dwarf-with-dsym";
				ENABLE_NS_ASSERTIONS = NO;
				ENABLE_STRICT_OBJC_MSGSEND = YES;
				ENABLE_USER_SCRIPT_SANDBOXING = YES;
				GCC_C_LANGUAGE_STANDARD = gnu17;
				GCC_NO_COMMON_BLOCKS = YES;
				GCC_WARN_64_TO_32_BIT_CONVERSION = YES;
				GCC_WARN_ABOUT_RETURN_TYPE = YES_ERROR;
				GCC_WARN_UNDECLARED_SELECTOR = YES;
				GCC_WARN_UNINITIALIZED_AUTOS = YES_AGGRESSIVE;
				GCC_WARN_UNUSED_FUNCTION = YES;
				GCC_WARN_UNUSED_VARIABLE = YES;
				IPHONEOS_DEPLOYMENT_TARGET = 18.1;
				LOCALIZATION_PREFERS_STRING_CATALOGS = YES;
				MTL_ENABLE_DEBUG_INFO = NO;
				MTL_FAST_MATH = YES;
				SDKROOT = iphoneos;
				SWIFT_COMPILATION_MODE = wholemodule;
				VALIDATE_PRODUCT = YES;
			};
			name = Release;
		};
/* End XCBuildConfiguration section */

/* Begin XCConfigurationList section */
		9ED6913F2D3DD50C007E76E8 /* Build configuration list for PBXProject "fifthWeek_SeSAC" */ = {
			isa = XCConfigurationList;
			buildConfigurations = (
				9ED6915A2D3DD50F007E76E8 /* Debug */,
				9ED6915B2D3DD50F007E76E8 /* Release */,
			);
			defaultConfigurationIsVisible = 0;
			defaultConfigurationName = Release;
		};
		9ED691572D3DD50F007E76E8 /* Build configuration list for PBXNativeTarget "fifthWeek_SeSAC" */ = {
			isa = XCConfigurationList;
			buildConfigurations = (
				9ED691582D3DD50F007E76E8 /* Debug */,
				9ED691592D3DD50F007E76E8 /* Release */,
			);
			defaultConfigurationIsVisible = 0;
			defaultConfigurationName = Release;
		};
/* End XCConfigurationList section */

/* Begin XCRemoteSwiftPackageReference section */
		9ED6915C2D3DD715007E76E8 /* XCRemoteSwiftPackageReference "Kingfisher" */ = {
			isa = XCRemoteSwiftPackageReference;
			repositoryURL = "https://github.com/onevcat/Kingfisher.git";
			requirement = {
				kind = upToNextMajorVersion;
				minimumVersion = 8.1.3;
			};
		};
		9ED6915F2D3DD720007E76E8 /* XCRemoteSwiftPackageReference "Alamofire" */ = {
			isa = XCRemoteSwiftPackageReference;
			repositoryURL = "https://github.com/Alamofire/Alamofire.git";
			requirement = {
				kind = upToNextMajorVersion;
				minimumVersion = 5.10.2;
			};
		};
		9ED691622D3DD728007E76E8 /* XCRemoteSwiftPackageReference "SnapKit" */ = {
			isa = XCRemoteSwiftPackageReference;
			repositoryURL = "https://github.com/SnapKit/SnapKit.git";
			requirement = {
				kind = upToNextMajorVersion;
				minimumVersion = 5.7.1;
			};
		};
		9ED691652D3DD730007E76E8 /* XCRemoteSwiftPackageReference "Then" */ = {
			isa = XCRemoteSwiftPackageReference;
			repositoryURL = "https://github.com/devxoul/Then.git";
			requirement = {
				kind = upToNextMajorVersion;
				minimumVersion = 3.0.0;
			};
		};
/* End XCRemoteSwiftPackageReference section */

/* Begin XCSwiftPackageProductDependency section */
		9ED6915D2D3DD715007E76E8 /* Kingfisher */ = {
			isa = XCSwiftPackageProductDependency;
			package = 9ED6915C2D3DD715007E76E8 /* XCRemoteSwiftPackageReference "Kingfisher" */;
			productName = Kingfisher;
		};
		9ED691602D3DD720007E76E8 /* Alamofire */ = {
			isa = XCSwiftPackageProductDependency;
			package = 9ED6915F2D3DD720007E76E8 /* XCRemoteSwiftPackageReference "Alamofire" */;
			productName = Alamofire;
		};
		9ED691632D3DD728007E76E8 /* SnapKit */ = {
			isa = XCSwiftPackageProductDependency;
			package = 9ED691622D3DD728007E76E8 /* XCRemoteSwiftPackageReference "SnapKit" */;
			productName = SnapKit;
		};
		9ED691662D3DD730007E76E8 /* Then */ = {
			isa = XCSwiftPackageProductDependency;
			package = 9ED691652D3DD730007E76E8 /* XCRemoteSwiftPackageReference "Then" */;
			productName = Then;
		};
/* End XCSwiftPackageProductDependency section */
	};
	rootObject = 9ED6913C2D3DD50C007E76E8 /* Project object */;
}
