// !$*UTF8*$!
{
	archiveVersion = 1;
	classes = {
	};
	objectVersion = 77;
	objects = {

/* Begin PBXBuildFile section */
		9E7882F02D35E59200A3697D /* RandomViewController.swift in Sources */ = {isa = PBXBuildFile; fileRef = 9E7882EF2D35E59200A3697D /* RandomViewController.swift */; };
		9E7882F32D35E5D100A3697D /* Kingfisher in Frameworks */ = {isa = PBXBuildFile; productRef = 9E7882F22D35E5D100A3697D /* Kingfisher */; };
		9E7882F62D35FB7F00A3697D /* Alamofire in Frameworks */ = {isa = PBXBuildFile; productRef = 9E7882F52D35FB7F00A3697D /* Alamofire */; };
		9EBB06E32D3498CC002C52D6 /* AppDelegate.swift in Sources */ = {isa = PBXBuildFile; fileRef = 9EBB06D92D3498CC002C52D6 /* AppDelegate.swift */; };
		9EBB06E42D3498CC002C52D6 /* SceneDelegate.swift in Sources */ = {isa = PBXBuildFile; fileRef = 9EBB06E02D3498CC002C52D6 /* SceneDelegate.swift */; };
		9EBB06E52D3498CC002C52D6 /* ViewController.swift in Sources */ = {isa = PBXBuildFile; fileRef = 9EBB06E12D3498CC002C52D6 /* ViewController.swift */; };
		9EBB06E62D3498CC002C52D6 /* Assets.xcassets in Resources */ = {isa = PBXBuildFile; fileRef = 9EBB06DA2D3498CC002C52D6 /* Assets.xcassets */; };
		9EBB06E82D3498CC002C52D6 /* LaunchScreen.storyboard in Resources */ = {isa = PBXBuildFile; fileRef = 9EBB06DD2D3498CC002C52D6 /* LaunchScreen.storyboard */; };
		9EBB06E92D3498CC002C52D6 /* Main.storyboard in Resources */ = {isa = PBXBuildFile; fileRef = 9EBB06DF2D3498CC002C52D6 /* Main.storyboard */; };
		9EBB06ED2D34B052002C52D6 /* SnapKit in Frameworks */ = {isa = PBXBuildFile; productRef = 9EBB06EC2D34B052002C52D6 /* SnapKit */; };
		9EBB06EF2D34D9F4002C52D6 /* BookViewController.swift in Sources */ = {isa = PBXBuildFile; fileRef = 9EBB06EE2D34D9F4002C52D6 /* BookViewController.swift */; };
		9EBB06F12D34E6EC002C52D6 /* BookCollectionViewCell.swift in Sources */ = {isa = PBXBuildFile; fileRef = 9EBB06F02D34E6EC002C52D6 /* BookCollectionViewCell.swift */; };
/* End PBXBuildFile section */

/* Begin PBXFileReference section */
		9E7882EF2D35E59200A3697D /* RandomViewController.swift */ = {isa = PBXFileReference; lastKnownFileType = sourcecode.swift; path = RandomViewController.swift; sourceTree = "<group>"; };
		9EBB06C12D3497D5002C52D6 /* fourthWeek_SeSAC.app */ = {isa = PBXFileReference; explicitFileType = wrapper.application; includeInIndex = 0; path = fourthWeek_SeSAC.app; sourceTree = BUILT_PRODUCTS_DIR; };
		9EBB06D92D3498CC002C52D6 /* AppDelegate.swift */ = {isa = PBXFileReference; lastKnownFileType = sourcecode.swift; path = AppDelegate.swift; sourceTree = "<group>"; };
		9EBB06DA2D3498CC002C52D6 /* Assets.xcassets */ = {isa = PBXFileReference; lastKnownFileType = folder.assetcatalog; path = Assets.xcassets; sourceTree = "<group>"; };
		9EBB06DB2D3498CC002C52D6 /* Info.plist */ = {isa = PBXFileReference; lastKnownFileType = text.plist.xml; path = Info.plist; sourceTree = "<group>"; };
		9EBB06DC2D3498CC002C52D6 /* Base */ = {isa = PBXFileReference; lastKnownFileType = file.storyboard; name = Base; path = Base.lproj/LaunchScreen.storyboard; sourceTree = "<group>"; };
		9EBB06DE2D3498CC002C52D6 /* Base */ = {isa = PBXFileReference; lastKnownFileType = file.storyboard; name = Base; path = Base.lproj/Main.storyboard; sourceTree = "<group>"; };
		9EBB06E02D3498CC002C52D6 /* SceneDelegate.swift */ = {isa = PBXFileReference; lastKnownFileType = sourcecode.swift; path = SceneDelegate.swift; sourceTree = "<group>"; };
		9EBB06E12D3498CC002C52D6 /* ViewController.swift */ = {isa = PBXFileReference; lastKnownFileType = sourcecode.swift; path = ViewController.swift; sourceTree = "<group>"; };
		9EBB06EE2D34D9F4002C52D6 /* BookViewController.swift */ = {isa = PBXFileReference; lastKnownFileType = sourcecode.swift; path = BookViewController.swift; sourceTree = "<group>"; };
		9EBB06F02D34E6EC002C52D6 /* BookCollectionViewCell.swift */ = {isa = PBXFileReference; lastKnownFileType = sourcecode.swift; path = BookCollectionViewCell.swift; sourceTree = "<group>"; };
/* End PBXFileReference section */

/* Begin PBXFrameworksBuildPhase section */
		9EBB06BE2D3497D5002C52D6 /* Frameworks */ = {
			isa = PBXFrameworksBuildPhase;
			buildActionMask = 2147483647;
			files = (
				9E7882F62D35FB7F00A3697D /* Alamofire in Frameworks */,
				9E7882F32D35E5D100A3697D /* Kingfisher in Frameworks */,
				9EBB06ED2D34B052002C52D6 /* SnapKit in Frameworks */,
			);
			runOnlyForDeploymentPostprocessing = 0;
		};
/* End PBXFrameworksBuildPhase section */

/* Begin PBXGroup section */
		9EBB06B82D3497D5002C52D6 = {
			isa = PBXGroup;
			children = (
				9EBB06E22D3498CC002C52D6 /* fourthWeek_SeSAC */,
				9EBB06C22D3497D5002C52D6 /* Products */,
			);
			sourceTree = "<group>";
		};
		9EBB06C22D3497D5002C52D6 /* Products */ = {
			isa = PBXGroup;
			children = (
				9EBB06C12D3497D5002C52D6 /* fourthWeek_SeSAC.app */,
			);
			name = Products;
			sourceTree = "<group>";
		};
		9EBB06E22D3498CC002C52D6 /* fourthWeek_SeSAC */ = {
			isa = PBXGroup;
			children = (
				9EBB06EA2D3498CE002C52D6 /* Application */,
				9EBB06DA2D3498CC002C52D6 /* Assets.xcassets */,
				9EBB06DF2D3498CC002C52D6 /* Main.storyboard */,
				9EBB06E12D3498CC002C52D6 /* ViewController.swift */,
				9EBB06EE2D34D9F4002C52D6 /* BookViewController.swift */,
				9EBB06F02D34E6EC002C52D6 /* BookCollectionViewCell.swift */,
				9E7882EF2D35E59200A3697D /* RandomViewController.swift */,
			);
			path = fourthWeek_SeSAC;
			sourceTree = "<group>";
		};
		9EBB06EA2D3498CE002C52D6 /* Application */ = {
			isa = PBXGroup;
			children = (
				9EBB06D92D3498CC002C52D6 /* AppDelegate.swift */,
				9EBB06E02D3498CC002C52D6 /* SceneDelegate.swift */,
				9EBB06DD2D3498CC002C52D6 /* LaunchScreen.storyboard */,
				9EBB06DB2D3498CC002C52D6 /* Info.plist */,
			);
			path = Application;
			sourceTree = "<group>";
		};
/* End PBXGroup section */

/* Begin PBXNativeTarget section */
		9EBB06C02D3497D5002C52D6 /* fourthWeek_SeSAC */ = {
			isa = PBXNativeTarget;
			buildConfigurationList = 9EBB06D42D3497D7002C52D6 /* Build configuration list for PBXNativeTarget "fourthWeek_SeSAC" */;
			buildPhases = (
				9EBB06BD2D3497D5002C52D6 /* Sources */,
				9EBB06BE2D3497D5002C52D6 /* Frameworks */,
				9EBB06BF2D3497D5002C52D6 /* Resources */,
			);
			buildRules = (
			);
			dependencies = (
			);
			name = fourthWeek_SeSAC;
			packageProductDependencies = (
				9EBB06EC2D34B052002C52D6 /* SnapKit */,
				9E7882F22D35E5D100A3697D /* Kingfisher */,
				9E7882F52D35FB7F00A3697D /* Alamofire */,
			);
			productName = fourthWeek_SeSAC;
			productReference = 9EBB06C12D3497D5002C52D6 /* fourthWeek_SeSAC.app */;
			productType = "com.apple.product-type.application";
		};
/* End PBXNativeTarget section */

/* Begin PBXProject section */
		9EBB06B92D3497D5002C52D6 /* Project object */ = {
			isa = PBXProject;
			attributes = {
				BuildIndependentTargetsInParallel = 1;
				LastSwiftUpdateCheck = 1610;
				LastUpgradeCheck = 1610;
				TargetAttributes = {
					9EBB06C02D3497D5002C52D6 = {
						CreatedOnToolsVersion = 16.1;
					};
				};
			};
			buildConfigurationList = 9EBB06BC2D3497D5002C52D6 /* Build configuration list for PBXProject "fourthWeek_SeSAC" */;
			developmentRegion = en;
			hasScannedForEncodings = 0;
			knownRegions = (
				en,
				Base,
			);
			mainGroup = 9EBB06B82D3497D5002C52D6;
			minimizedProjectReferenceProxies = 1;
			packageReferences = (
				9EBB06EB2D34B052002C52D6 /* XCRemoteSwiftPackageReference "SnapKit" */,
				9E7882F12D35E5D000A3697D /* XCRemoteSwiftPackageReference "Kingfisher" */,
				9E7882F42D35FB7F00A3697D /* XCRemoteSwiftPackageReference "Alamofire" */,
			);
			preferredProjectObjectVersion = 77;
			productRefGroup = 9EBB06C22D3497D5002C52D6 /* Products */;
			projectDirPath = "";
			projectRoot = "";
			targets = (
				9EBB06C02D3497D5002C52D6 /* fourthWeek_SeSAC */,
			);
		};
/* End PBXProject section */

/* Begin PBXResourcesBuildPhase section */
		9EBB06BF2D3497D5002C52D6 /* Resources */ = {
			isa = PBXResourcesBuildPhase;
			buildActionMask = 2147483647;
			files = (
				9EBB06E62D3498CC002C52D6 /* Assets.xcassets in Resources */,
				9EBB06E82D3498CC002C52D6 /* LaunchScreen.storyboard in Resources */,
				9EBB06E92D3498CC002C52D6 /* Main.storyboard in Resources */,
			);
			runOnlyForDeploymentPostprocessing = 0;
		};
/* End PBXResourcesBuildPhase section */

/* Begin PBXSourcesBuildPhase section */
		9EBB06BD2D3497D5002C52D6 /* Sources */ = {
			isa = PBXSourcesBuildPhase;
			buildActionMask = 2147483647;
			files = (
				9EBB06E32D3498CC002C52D6 /* AppDelegate.swift in Sources */,
				9EBB06EF2D34D9F4002C52D6 /* BookViewController.swift in Sources */,
				9EBB06E42D3498CC002C52D6 /* SceneDelegate.swift in Sources */,
				9E7882F02D35E59200A3697D /* RandomViewController.swift in Sources */,
				9EBB06F12D34E6EC002C52D6 /* BookCollectionViewCell.swift in Sources */,
				9EBB06E52D3498CC002C52D6 /* ViewController.swift in Sources */,
			);
			runOnlyForDeploymentPostprocessing = 0;
		};
/* End PBXSourcesBuildPhase section */

/* Begin PBXVariantGroup section */
		9EBB06DD2D3498CC002C52D6 /* LaunchScreen.storyboard */ = {
			isa = PBXVariantGroup;
			children = (
				9EBB06DC2D3498CC002C52D6 /* Base */,
			);
			name = LaunchScreen.storyboard;
			sourceTree = "<group>";
		};
		9EBB06DF2D3498CC002C52D6 /* Main.storyboard */ = {
			isa = PBXVariantGroup;
			children = (
				9EBB06DE2D3498CC002C52D6 /* Base */,
			);
			name = Main.storyboard;
			sourceTree = "<group>";
		};
/* End PBXVariantGroup section */

/* Begin XCBuildConfiguration section */
		9EBB06D52D3497D7002C52D6 /* Debug */ = {
			isa = XCBuildConfiguration;
			buildSettings = {
				ASSETCATALOG_COMPILER_APPICON_NAME = AppIcon;
				ASSETCATALOG_COMPILER_GLOBAL_ACCENT_COLOR_NAME = AccentColor;
				CODE_SIGN_STYLE = Automatic;
				CURRENT_PROJECT_VERSION = 1;
				DEVELOPMENT_TEAM = A95XXD5WT7;
				GENERATE_INFOPLIST_FILE = YES;
				INFOPLIST_FILE = fourthWeek_SeSAC/Application/Info.plist;
				INFOPLIST_KEY_UIApplicationSupportsIndirectInputEvents = YES;
				INFOPLIST_KEY_UILaunchStoryboardName = LaunchScreen;
				INFOPLIST_KEY_UIMainStoryboardFile = Main;
				INFOPLIST_KEY_UISupportedInterfaceOrientations_iPad = "UIInterfaceOrientationPortrait UIInterfaceOrientationPortraitUpsideDown UIInterfaceOrientationLandscapeLeft UIInterfaceOrientationLandscapeRight";
				INFOPLIST_KEY_UISupportedInterfaceOrientations_iPhone = "UIInterfaceOrientationPortrait UIInterfaceOrientationLandscapeLeft UIInterfaceOrientationLandscapeRight";
				LD_RUNPATH_SEARCH_PATHS = (
					"$(inherited)",
					"@executable_path/Frameworks",
				);
				MARKETING_VERSION = 1.0;
				PRODUCT_BUNDLE_IDENTIFIER = "com.psy.fourthWeek-SeSAC";
				PRODUCT_NAME = "$(TARGET_NAME)";
				SWIFT_EMIT_LOC_STRINGS = YES;
				SWIFT_VERSION = 5.0;
				TARGETED_DEVICE_FAMILY = "1,2";
			};
			name = Debug;
		};
		9EBB06D62D3497D7002C52D6 /* Release */ = {
			isa = XCBuildConfiguration;
			buildSettings = {
				ASSETCATALOG_COMPILER_APPICON_NAME = AppIcon;
				ASSETCATALOG_COMPILER_GLOBAL_ACCENT_COLOR_NAME = AccentColor;
				CODE_SIGN_STYLE = Automatic;
				CURRENT_PROJECT_VERSION = 1;
				DEVELOPMENT_TEAM = A95XXD5WT7;
				GENERATE_INFOPLIST_FILE = YES;
				INFOPLIST_FILE = fourthWeek_SeSAC/Application/Info.plist;
				INFOPLIST_KEY_UIApplicationSupportsIndirectInputEvents = YES;
				INFOPLIST_KEY_UILaunchStoryboardName = LaunchScreen;
				INFOPLIST_KEY_UIMainStoryboardFile = Main;
				INFOPLIST_KEY_UISupportedInterfaceOrientations_iPad = "UIInterfaceOrientationPortrait UIInterfaceOrientationPortraitUpsideDown UIInterfaceOrientationLandscapeLeft UIInterfaceOrientationLandscapeRight";
				INFOPLIST_KEY_UISupportedInterfaceOrientations_iPhone = "UIInterfaceOrientationPortrait UIInterfaceOrientationLandscapeLeft UIInterfaceOrientationLandscapeRight";
				LD_RUNPATH_SEARCH_PATHS = (
					"$(inherited)",
					"@executable_path/Frameworks",
				);
				MARKETING_VERSION = 1.0;
				PRODUCT_BUNDLE_IDENTIFIER = "com.psy.fourthWeek-SeSAC";
				PRODUCT_NAME = "$(TARGET_NAME)";
				SWIFT_EMIT_LOC_STRINGS = YES;
				SWIFT_VERSION = 5.0;
				TARGETED_DEVICE_FAMILY = "1,2";
			};
			name = Release;
		};
		9EBB06D72D3497D7002C52D6 /* Debug */ = {
			isa = XCBuildConfiguration;
			buildSettings = {
				ALWAYS_SEARCH_USER_PATHS = NO;
				ASSETCATALOG_COMPILER_GENERATE_SWIFT_ASSET_SYMBOL_EXTENSIONS = YES;
				CLANG_ANALYZER_NONNULL = YES;
				CLANG_ANALYZER_NUMBER_OBJECT_CONVERSION = YES_AGGRESSIVE;
				CLANG_CXX_LANGUAGE_STANDARD = "gnu++20";
				CLANG_ENABLE_MODULES = YES;
				CLANG_ENABLE_OBJC_ARC = YES;
				CLANG_ENABLE_OBJC_WEAK = YES;
				CLANG_WARN_BLOCK_CAPTURE_AUTORELEASING = YES;
				CLANG_WARN_BOOL_CONVERSION = YES;
				CLANG_WARN_COMMA = YES;
				CLANG_WARN_CONSTANT_CONVERSION = YES;
				CLANG_WARN_DEPRECATED_OBJC_IMPLEMENTATIONS = YES;
				CLANG_WARN_DIRECT_OBJC_ISA_USAGE = YES_ERROR;
				CLANG_WARN_DOCUMENTATION_COMMENTS = YES;
				CLANG_WARN_EMPTY_BODY = YES;
				CLANG_WARN_ENUM_CONVERSION = YES;
				CLANG_WARN_INFINITE_RECURSION = YES;
				CLANG_WARN_INT_CONVERSION = YES;
				CLANG_WARN_NON_LITERAL_NULL_CONVERSION = YES;
				CLANG_WARN_OBJC_IMPLICIT_RETAIN_SELF = YES;
				CLANG_WARN_OBJC_LITERAL_CONVERSION = YES;
				CLANG_WARN_OBJC_ROOT_CLASS = YES_ERROR;
				CLANG_WARN_QUOTED_INCLUDE_IN_FRAMEWORK_HEADER = YES;
				CLANG_WARN_RANGE_LOOP_ANALYSIS = YES;
				CLANG_WARN_STRICT_PROTOTYPES = YES;
				CLANG_WARN_SUSPICIOUS_MOVE = YES;
				CLANG_WARN_UNGUARDED_AVAILABILITY = YES_AGGRESSIVE;
				CLANG_WARN_UNREACHABLE_CODE = YES;
				CLANG_WARN__DUPLICATE_METHOD_MATCH = YES;
				COPY_PHASE_STRIP = NO;
				DEBUG_INFORMATION_FORMAT = dwarf;
				ENABLE_STRICT_OBJC_MSGSEND = YES;
				ENABLE_TESTABILITY = YES;
				ENABLE_USER_SCRIPT_SANDBOXING = YES;
				GCC_C_LANGUAGE_STANDARD = gnu17;
				GCC_DYNAMIC_NO_PIC = NO;
				GCC_NO_COMMON_BLOCKS = YES;
				GCC_OPTIMIZATION_LEVEL = 0;
				GCC_PREPROCESSOR_DEFINITIONS = (
					"DEBUG=1",
					"$(inherited)",
				);
				GCC_WARN_64_TO_32_BIT_CONVERSION = YES;
				GCC_WARN_ABOUT_RETURN_TYPE = YES_ERROR;
				GCC_WARN_UNDECLARED_SELECTOR = YES;
				GCC_WARN_UNINITIALIZED_AUTOS = YES_AGGRESSIVE;
				GCC_WARN_UNUSED_FUNCTION = YES;
				GCC_WARN_UNUSED_VARIABLE = YES;
				IPHONEOS_DEPLOYMENT_TARGET = 18.1;
				LOCALIZATION_PREFERS_STRING_CATALOGS = YES;
				MTL_ENABLE_DEBUG_INFO = INCLUDE_SOURCE;
				MTL_FAST_MATH = YES;
				ONLY_ACTIVE_ARCH = YES;
				SDKROOT = iphoneos;
				SWIFT_ACTIVE_COMPILATION_CONDITIONS = "DEBUG $(inherited)";
				SWIFT_OPTIMIZATION_LEVEL = "-Onone";
			};
			name = Debug;
		};
		9EBB06D82D3497D7002C52D6 /* Release */ = {
			isa = XCBuildConfiguration;
			buildSettings = {
				ALWAYS_SEARCH_USER_PATHS = NO;
				ASSETCATALOG_COMPILER_GENERATE_SWIFT_ASSET_SYMBOL_EXTENSIONS = YES;
				CLANG_ANALYZER_NONNULL = YES;
				CLANG_ANALYZER_NUMBER_OBJECT_CONVERSION = YES_AGGRESSIVE;
				CLANG_CXX_LANGUAGE_STANDARD = "gnu++20";
				CLANG_ENABLE_MODULES = YES;
				CLANG_ENABLE_OBJC_ARC = YES;
				CLANG_ENABLE_OBJC_WEAK = YES;
				CLANG_WARN_BLOCK_CAPTURE_AUTORELEASING = YES;
				CLANG_WARN_BOOL_CONVERSION = YES;
				CLANG_WARN_COMMA = YES;
				CLANG_WARN_CONSTANT_CONVERSION = YES;
				CLANG_WARN_DEPRECATED_OBJC_IMPLEMENTATIONS = YES;
				CLANG_WARN_DIRECT_OBJC_ISA_USAGE = YES_ERROR;
				CLANG_WARN_DOCUMENTATION_COMMENTS = YES;
				CLANG_WARN_EMPTY_BODY = YES;
				CLANG_WARN_ENUM_CONVERSION = YES;
				CLANG_WARN_INFINITE_RECURSION = YES;
				CLANG_WARN_INT_CONVERSION = YES;
				CLANG_WARN_NON_LITERAL_NULL_CONVERSION = YES;
				CLANG_WARN_OBJC_IMPLICIT_RETAIN_SELF = YES;
				CLANG_WARN_OBJC_LITERAL_CONVERSION = YES;
				CLANG_WARN_OBJC_ROOT_CLASS = YES_ERROR;
				CLANG_WARN_QUOTED_INCLUDE_IN_FRAMEWORK_HEADER = YES;
				CLANG_WARN_RANGE_LOOP_ANALYSIS = YES;
				CLANG_WARN_STRICT_PROTOTYPES = YES;
				CLANG_WARN_SUSPICIOUS_MOVE = YES;
				CLANG_WARN_UNGUARDED_AVAILABILITY = YES_AGGRESSIVE;
				CLANG_WARN_UNREACHABLE_CODE = YES;
				CLANG_WARN__DUPLICATE_METHOD_MATCH = YES;
				COPY_PHASE_STRIP = NO;
				DEBUG_INFORMATION_FORMAT = "dwarf-with-dsym";
				ENABLE_NS_ASSERTIONS = NO;
				ENABLE_STRICT_OBJC_MSGSEND = YES;
				ENABLE_USER_SCRIPT_SANDBOXING = YES;
				GCC_C_LANGUAGE_STANDARD = gnu17;
				GCC_NO_COMMON_BLOCKS = YES;
				GCC_WARN_64_TO_32_BIT_CONVERSION = YES;
				GCC_WARN_ABOUT_RETURN_TYPE = YES_ERROR;
				GCC_WARN_UNDECLARED_SELECTOR = YES;
				GCC_WARN_UNINITIALIZED_AUTOS = YES_AGGRESSIVE;
				GCC_WARN_UNUSED_FUNCTION = YES;
				GCC_WARN_UNUSED_VARIABLE = YES;
				IPHONEOS_DEPLOYMENT_TARGET = 18.1;
				LOCALIZATION_PREFERS_STRING_CATALOGS = YES;
				MTL_ENABLE_DEBUG_INFO = NO;
				MTL_FAST_MATH = YES;
				SDKROOT = iphoneos;
				SWIFT_COMPILATION_MODE = wholemodule;
				VALIDATE_PRODUCT = YES;
			};
			name = Release;
		};
/* End XCBuildConfiguration section */

/* Begin XCConfigurationList section */
		9EBB06BC2D3497D5002C52D6 /* Build configuration list for PBXProject "fourthWeek_SeSAC" */ = {
			isa = XCConfigurationList;
			buildConfigurations = (
				9EBB06D72D3497D7002C52D6 /* Debug */,
				9EBB06D82D3497D7002C52D6 /* Release */,
			);
			defaultConfigurationIsVisible = 0;
			defaultConfigurationName = Release;
		};
		9EBB06D42D3497D7002C52D6 /* Build configuration list for PBXNativeTarget "fourthWeek_SeSAC" */ = {
			isa = XCConfigurationList;
			buildConfigurations = (
				9EBB06D52D3497D7002C52D6 /* Debug */,
				9EBB06D62D3497D7002C52D6 /* Release */,
			);
			defaultConfigurationIsVisible = 0;
			defaultConfigurationName = Release;
		};
/* End XCConfigurationList section */

/* Begin XCRemoteSwiftPackageReference section */
		9E7882F12D35E5D000A3697D /* XCRemoteSwiftPackageReference "Kingfisher" */ = {
			isa = XCRemoteSwiftPackageReference;
			repositoryURL = "https://github.com/onevcat/Kingfisher.git";
			requirement = {
				kind = upToNextMajorVersion;
				minimumVersion = 8.1.3;
			};
		};
		9E7882F42D35FB7F00A3697D /* XCRemoteSwiftPackageReference "Alamofire" */ = {
			isa = XCRemoteSwiftPackageReference;
			repositoryURL = "https://github.com/Alamofire/Alamofire.git";
			requirement = {
				kind = upToNextMajorVersion;
				minimumVersion = 5.10.2;
			};
		};
		9EBB06EB2D34B052002C52D6 /* XCRemoteSwiftPackageReference "SnapKit" */ = {
			isa = XCRemoteSwiftPackageReference;
			repositoryURL = "https://github.com/SnapKit/SnapKit.git";
			requirement = {
				kind = upToNextMajorVersion;
				minimumVersion = 5.7.1;
			};
		};
/* End XCRemoteSwiftPackageReference section */

/* Begin XCSwiftPackageProductDependency section */
		9E7882F22D35E5D100A3697D /* Kingfisher */ = {
			isa = XCSwiftPackageProductDependency;
			package = 9E7882F12D35E5D000A3697D /* XCRemoteSwiftPackageReference "Kingfisher" */;
			productName = Kingfisher;
		};
		9E7882F52D35FB7F00A3697D /* Alamofire */ = {
			isa = XCSwiftPackageProductDependency;
			package = 9E7882F42D35FB7F00A3697D /* XCRemoteSwiftPackageReference "Alamofire" */;
			productName = Alamofire;
		};
		9EBB06EC2D34B052002C52D6 /* SnapKit */ = {
			isa = XCSwiftPackageProductDependency;
			package = 9EBB06EB2D34B052002C52D6 /* XCRemoteSwiftPackageReference "SnapKit" */;
			productName = SnapKit;
		};
/* End XCSwiftPackageProductDependency section */
	};
	rootObject = 9EBB06B92D3497D5002C52D6 /* Project object */;
}
